
Microsoft Visual Studio Solution File, Format Version 12.00
# Visual Studio Version 16
VisualStudioVersion = 16.0.29001.49
MinimumVisualStudioVersion = 10.0.40219.1
Project("{9A19103F-16F7-4668-BE54-9A1E7A4F7556}") = "Fruktsallad", "Fruktsallad\Fruktsallad.csproj", "{D9DE7642-2C09-4A41-82AD-03BB5C2286DB}"
EndProject
Global
	GlobalSection(SolutionConfigurationPlatforms) = preSolution
		Debug|Any CPU = Debug|Any CPU
		Release|Any CPU = Release|Any CPU
	EndGlobalSection
	GlobalSection(ProjectConfigurationPlatforms) = postSolution
		{D9DE7642-2C09-4A41-82AD-03BB5C2286DB}.Debug|Any CPU.ActiveCfg = Debug|Any CPU
		{D9DE7642-2C09-4A41-82AD-03BB5C2286DB}.Debug|Any CPU.Build.0 = Debug|Any CPU
		{D9DE7642-2C09-4A41-82AD-03BB5C2286DB}.Release|Any CPU.ActiveCfg = Release|Any CPU
		{D9DE7642-2C09-4A41-82AD-03BB5C2286DB}.Release|Any CPU.Build.0 = Release|Any CPU
	EndGlobalSection
	GlobalSection(SolutionProperties) = preSolution
		HideSolutionNode = FALSE
	EndGlobalSection
	GlobalSection(ExtensibilityGlobals) = postSolution
		SolutionGuid = {4DC05081-6496-4A20-A547-7997502D24B5}
	EndGlobalSection
EndGlobal
